
Microsoft Visual Studio Solution File, Format Version 12.00
# Visual Studio 15
VisualStudioVersion = 15.0.28307.539
MinimumVisualStudioVersion = 10.0.40219.1
Project("{FAE04EC0-301F-11D3-BF4B-00C04F79EFBC}") = "ServerTcp", "HardcodeServer\ServerTcp.csproj", "{69A28B60-A08A-40D8-971F-BC99B03AC811}"
EndProject
Project("{FAE04EC0-301F-11D3-BF4B-00C04F79EFBC}") = "ClientTCP", "ClientTCP\ClientTCP.csproj", "{C8E5D800-6C41-473D-83FD-6386DD8BBF70}"
EndProject
Global
	GlobalSection(SolutionConfigurationPlatforms) = preSolution
		Debug|Any CPU = Debug|Any CPU
		Release|Any CPU = Release|Any CPU
	EndGlobalSection
	GlobalSection(ProjectConfigurationPlatforms) = postSolution
		{69A28B60-A08A-40D8-971F-BC99B03AC811}.Debug|Any CPU.ActiveCfg = Debug|Any CPU
		{69A28B60-A08A-40D8-971F-BC99B03AC811}.Debug|Any CPU.Build.0 = Debug|Any CPU
		{69A28B60-A08A-40D8-971F-BC99B03AC811}.Release|Any CPU.ActiveCfg = Release|Any CPU
		{69A28B60-A08A-40D8-971F-BC99B03AC811}.Release|Any CPU.Build.0 = Release|Any CPU
		{C8E5D800-6C41-473D-83FD-6386DD8BBF70}.Debug|Any CPU.ActiveCfg = Debug|Any CPU
		{C8E5D800-6C41-473D-83FD-6386DD8BBF70}.Debug|Any CPU.Build.0 = Debug|Any CPU
		{C8E5D800-6C41-473D-83FD-6386DD8BBF70}.Release|Any CPU.ActiveCfg = Release|Any CPU
		{C8E5D800-6C41-473D-83FD-6386DD8BBF70}.Release|Any CPU.Build.0 = Release|Any CPU
	EndGlobalSection
	GlobalSection(SolutionProperties) = preSolution
		HideSolutionNode = FALSE
	EndGlobalSection
	GlobalSection(ExtensibilityGlobals) = postSolution
		SolutionGuid = {F420D6AB-4236-4A2B-B082-5529DB753AB8}
	EndGlobalSection
EndGlobal
